
Microsoft Visual Studio Solution File, Format Version 12.00
Project("{FAE04EC0-301F-11D3-BF4B-00C04F79EFBC}") = "Homey.Api", "src\Homey.Api\Homey.Api.csproj", "{03BF2874-2496-42C0-B0BB-9B099218753D}"
EndProject
Project("{FAE04EC0-301F-11D3-BF4B-00C04F79EFBC}") = "Homey.Data", "src\Homey.Data\Homey.Data.csproj", "{E82D92AD-40B4-446E-8A21-3E7CCDF548AA}"
EndProject
Project("{2150E333-8FDC-42A3-9474-1A3956D46DE8}") = "Shared", "Shared", "{D17B6018-E144-486C-BE99-518574E1B5A0}"
	ProjectSection(SolutionItems) = preProject
		Directory.Build.props = Directory.Build.props
		Directory.Packages.props = Directory.Packages.props
		Readme.md = Readme.md
		Dockerfile = Dockerfile
	EndProjectSection
EndProject
Project("{2150E333-8FDC-42A3-9474-1A3956D46DE8}") = "sql", "sql", "{22F5E927-42D0-4F7D-A6A9-038F4A3F2594}"
	ProjectSection(SolutionItems) = preProject
		sql\Dockerfile = sql\Dockerfile
	EndProjectSection
EndProject
Global
	GlobalSection(SolutionConfigurationPlatforms) = preSolution
		Debug|Any CPU = Debug|Any CPU
		Release|Any CPU = Release|Any CPU
	EndGlobalSection
	GlobalSection(ProjectConfigurationPlatforms) = postSolution
		{03BF2874-2496-42C0-B0BB-9B099218753D}.Debug|Any CPU.ActiveCfg = Debug|Any CPU
		{03BF2874-2496-42C0-B0BB-9B099218753D}.Debug|Any CPU.Build.0 = Debug|Any CPU
		{03BF2874-2496-42C0-B0BB-9B099218753D}.Release|Any CPU.ActiveCfg = Release|Any CPU
		{03BF2874-2496-42C0-B0BB-9B099218753D}.Release|Any CPU.Build.0 = Release|Any CPU
		{E82D92AD-40B4-446E-8A21-3E7CCDF548AA}.Debug|Any CPU.ActiveCfg = Debug|Any CPU
		{E82D92AD-40B4-446E-8A21-3E7CCDF548AA}.Debug|Any CPU.Build.0 = Debug|Any CPU
		{E82D92AD-40B4-446E-8A21-3E7CCDF548AA}.Release|Any CPU.ActiveCfg = Release|Any CPU
		{E82D92AD-40B4-446E-8A21-3E7CCDF548AA}.Release|Any CPU.Build.0 = Release|Any CPU
	EndGlobalSection
	GlobalSection(NestedProjects) = preSolution
		{22F5E927-42D0-4F7D-A6A9-038F4A3F2594} = {D17B6018-E144-486C-BE99-518574E1B5A0}
	EndGlobalSection
EndGlobal
